
Microsoft Visual Studio Solution File, Format Version 12.00
# Visual Studio Version 17
VisualStudioVersion = 17.0.31903.59
MinimumVisualStudioVersion = 10.0.40219.1
Project("{FAE04EC0-301F-11D3-BF4B-00C04F79EFBC}") = "DotnetExample", "DotnetExample\DotnetExample.csproj", "{AE8DFEB4-4449-4C90-B3CB-EA871856173E}"
EndProject
Project("{FAE04EC0-301F-11D3-BF4B-00C04F79EFBC}") = "DotnetExample.Test", "DotnetExample.Test\DotnetExample.Test.csproj", "{796022E1-5967-4409-807D-3DC16D1F2029}"
EndProject
Global
	GlobalSection(SolutionConfigurationPlatforms) = preSolution
		Debug|Any CPU = Debug|Any CPU
		Release|Any CPU = Release|Any CPU
	EndGlobalSection
	GlobalSection(SolutionProperties) = preSolution
		HideSolutionNode = FALSE
	EndGlobalSection
	GlobalSection(ProjectConfigurationPlatforms) = postSolution
		{AE8DFEB4-4449-4C90-B3CB-EA871856173E}.Debug|Any CPU.ActiveCfg = Debug|Any CPU
		{AE8DFEB4-4449-4C90-B3CB-EA871856173E}.Debug|Any CPU.Build.0 = Debug|Any CPU
		{AE8DFEB4-4449-4C90-B3CB-EA871856173E}.Release|Any CPU.ActiveCfg = Release|Any CPU
		{AE8DFEB4-4449-4C90-B3CB-EA871856173E}.Release|Any CPU.Build.0 = Release|Any CPU
		{796022E1-5967-4409-807D-3DC16D1F2029}.Debug|Any CPU.ActiveCfg = Debug|Any CPU
		{796022E1-5967-4409-807D-3DC16D1F2029}.Debug|Any CPU.Build.0 = Debug|Any CPU
		{796022E1-5967-4409-807D-3DC16D1F2029}.Release|Any CPU.ActiveCfg = Release|Any CPU
		{796022E1-5967-4409-807D-3DC16D1F2029}.Release|Any CPU.Build.0 = Release|Any CPU
	EndGlobalSection
EndGlobal
